
Microsoft Visual Studio Solution File, Format Version 12.00
# Visual Studio 15
VisualStudioVersion = 15.0.27130.2020
MinimumVisualStudioVersion = 10.0.40219.1
Project("{8BC9CEB8-8B4A-11D0-8D11-00A0C91BC942}") = "CprogrammingChap11", "CprogrammingChap11\CprogrammingChap11.vcxproj", "{1E82A0DA-B39A-4343-8EF3-A120F529EAFF}"
EndProject
Global
	GlobalSection(SolutionConfigurationPlatforms) = preSolution
		Debug|x64 = Debug|x64
		Debug|x86 = Debug|x86
		Release|x64 = Release|x64
		Release|x86 = Release|x86
	EndGlobalSection
	GlobalSection(ProjectConfigurationPlatforms) = postSolution
		{1E82A0DA-B39A-4343-8EF3-A120F529EAFF}.Debug|x64.ActiveCfg = Debug|x64
		{1E82A0DA-B39A-4343-8EF3-A120F529EAFF}.Debug|x64.Build.0 = Debug|x64
		{1E82A0DA-B39A-4343-8EF3-A120F529EAFF}.Debug|x86.ActiveCfg = Debug|Win32
		{1E82A0DA-B39A-4343-8EF3-A120F529EAFF}.Debug|x86.Build.0 = Debug|Win32
		{1E82A0DA-B39A-4343-8EF3-A120F529EAFF}.Release|x64.ActiveCfg = Release|x64
		{1E82A0DA-B39A-4343-8EF3-A120F529EAFF}.Release|x64.Build.0 = Release|x64
		{1E82A0DA-B39A-4343-8EF3-A120F529EAFF}.Release|x86.ActiveCfg = Release|Win32
		{1E82A0DA-B39A-4343-8EF3-A120F529EAFF}.Release|x86.Build.0 = Release|Win32
	EndGlobalSection
	GlobalSection(SolutionProperties) = preSolution
		HideSolutionNode = FALSE
	EndGlobalSection
	GlobalSection(ExtensibilityGlobals) = postSolution
		SolutionGuid = {C14E19C1-DCF4-4F8D-AF4E-8ADF03323A71}
	EndGlobalSection
EndGlobal
