
Microsoft Visual Studio Solution File, Format Version 12.00
# Visual Studio 15
VisualStudioVersion = 15.0.27130.2020
MinimumVisualStudioVersion = 10.0.40219.1
Project("{8BC9CEB8-8B4A-11D0-8D11-00A0C91BC942}") = "DataStructureChap4", "DataStructureChap4\DataStructureChap4.vcxproj", "{BB745894-9A87-4133-AC96-D3C13CCA6753}"
EndProject
Global
	GlobalSection(SolutionConfigurationPlatforms) = preSolution
		Debug|x64 = Debug|x64
		Debug|x86 = Debug|x86
		Release|x64 = Release|x64
		Release|x86 = Release|x86
	EndGlobalSection
	GlobalSection(ProjectConfigurationPlatforms) = postSolution
		{BB745894-9A87-4133-AC96-D3C13CCA6753}.Debug|x64.ActiveCfg = Debug|x64
		{BB745894-9A87-4133-AC96-D3C13CCA6753}.Debug|x64.Build.0 = Debug|x64
		{BB745894-9A87-4133-AC96-D3C13CCA6753}.Debug|x86.ActiveCfg = Debug|Win32
		{BB745894-9A87-4133-AC96-D3C13CCA6753}.Debug|x86.Build.0 = Debug|Win32
		{BB745894-9A87-4133-AC96-D3C13CCA6753}.Release|x64.ActiveCfg = Release|x64
		{BB745894-9A87-4133-AC96-D3C13CCA6753}.Release|x64.Build.0 = Release|x64
		{BB745894-9A87-4133-AC96-D3C13CCA6753}.Release|x86.ActiveCfg = Release|Win32
		{BB745894-9A87-4133-AC96-D3C13CCA6753}.Release|x86.Build.0 = Release|Win32
	EndGlobalSection
	GlobalSection(SolutionProperties) = preSolution
		HideSolutionNode = FALSE
	EndGlobalSection
	GlobalSection(ExtensibilityGlobals) = postSolution
		SolutionGuid = {15CE9170-D2EA-4511-A2BA-045F5BADDC03}
	EndGlobalSection
EndGlobal
