
Microsoft Visual Studio Solution File, Format Version 12.00
# Visual Studio 15
VisualStudioVersion = 15.0.27130.2020
MinimumVisualStudioVersion = 10.0.40219.1
Project("{8BC9CEB8-8B4A-11D0-8D11-00A0C91BC942}") = "CprogrammingChap22", "CprogrammingChap22\CprogrammingChap22.vcxproj", "{82955DB7-EBB9-4790-A4BE-B9EF3851FF97}"
EndProject
Global
	GlobalSection(SolutionConfigurationPlatforms) = preSolution
		Debug|x64 = Debug|x64
		Debug|x86 = Debug|x86
		Release|x64 = Release|x64
		Release|x86 = Release|x86
	EndGlobalSection
	GlobalSection(ProjectConfigurationPlatforms) = postSolution
		{82955DB7-EBB9-4790-A4BE-B9EF3851FF97}.Debug|x64.ActiveCfg = Debug|x64
		{82955DB7-EBB9-4790-A4BE-B9EF3851FF97}.Debug|x64.Build.0 = Debug|x64
		{82955DB7-EBB9-4790-A4BE-B9EF3851FF97}.Debug|x86.ActiveCfg = Debug|Win32
		{82955DB7-EBB9-4790-A4BE-B9EF3851FF97}.Debug|x86.Build.0 = Debug|Win32
		{82955DB7-EBB9-4790-A4BE-B9EF3851FF97}.Release|x64.ActiveCfg = Release|x64
		{82955DB7-EBB9-4790-A4BE-B9EF3851FF97}.Release|x64.Build.0 = Release|x64
		{82955DB7-EBB9-4790-A4BE-B9EF3851FF97}.Release|x86.ActiveCfg = Release|Win32
		{82955DB7-EBB9-4790-A4BE-B9EF3851FF97}.Release|x86.Build.0 = Release|Win32
	EndGlobalSection
	GlobalSection(SolutionProperties) = preSolution
		HideSolutionNode = FALSE
	EndGlobalSection
	GlobalSection(ExtensibilityGlobals) = postSolution
		SolutionGuid = {B2011F76-02C5-4F16-92CF-BC96CEFD3EAD}
	EndGlobalSection
EndGlobal
