
Microsoft Visual Studio Solution File, Format Version 12.00
# Visual Studio 15
VisualStudioVersion = 15.0.27130.2020
MinimumVisualStudioVersion = 10.0.40219.1
Project("{8BC9CEB8-8B4A-11D0-8D11-00A0C91BC942}") = "CprogrammingChap18", "CprogrammingChap18\CprogrammingChap18.vcxproj", "{C99C5F42-EDAB-43AF-B236-DABA3893A889}"
EndProject
Global
	GlobalSection(SolutionConfigurationPlatforms) = preSolution
		Debug|x64 = Debug|x64
		Debug|x86 = Debug|x86
		Release|x64 = Release|x64
		Release|x86 = Release|x86
	EndGlobalSection
	GlobalSection(ProjectConfigurationPlatforms) = postSolution
		{C99C5F42-EDAB-43AF-B236-DABA3893A889}.Debug|x64.ActiveCfg = Debug|x64
		{C99C5F42-EDAB-43AF-B236-DABA3893A889}.Debug|x64.Build.0 = Debug|x64
		{C99C5F42-EDAB-43AF-B236-DABA3893A889}.Debug|x86.ActiveCfg = Debug|Win32
		{C99C5F42-EDAB-43AF-B236-DABA3893A889}.Debug|x86.Build.0 = Debug|Win32
		{C99C5F42-EDAB-43AF-B236-DABA3893A889}.Release|x64.ActiveCfg = Release|x64
		{C99C5F42-EDAB-43AF-B236-DABA3893A889}.Release|x64.Build.0 = Release|x64
		{C99C5F42-EDAB-43AF-B236-DABA3893A889}.Release|x86.ActiveCfg = Release|Win32
		{C99C5F42-EDAB-43AF-B236-DABA3893A889}.Release|x86.Build.0 = Release|Win32
	EndGlobalSection
	GlobalSection(SolutionProperties) = preSolution
		HideSolutionNode = FALSE
	EndGlobalSection
	GlobalSection(ExtensibilityGlobals) = postSolution
		SolutionGuid = {E63F511F-30C2-4F7F-ACA1-C624EEB58872}
	EndGlobalSection
EndGlobal
